
Microsoft Visual Studio Solution File, Format Version 11.00
# Visual Studio 2010
Project("{FAE04EC0-301F-11D3-BF4B-00C04F79EFBC}") = "DbGhost.Build", "DBGhost.Build\DbGhost.Build.csproj", "{C16FAB6D-556E-4D69-B713-197E51E0BF27}"
EndProject
Project("{FAE04EC0-301F-11D3-BF4B-00C04F79EFBC}") = "DbGhost.Build.NAnt", "DBGhost.Build.NAnt\DbGhost.Build.NAnt.csproj", "{DABE999E-97E3-4CB4-A576-38A30163A70C}"
EndProject
Project("{FAE04EC0-301F-11D3-BF4B-00C04F79EFBC}") = "DbGhost.Build.MSBuild", "DBGhost.Build.MSBuild\DbGhost.Build.MSBuild.csproj", "{51C49782-8539-4CD9-946C-80FF618211DB}"
EndProject
Project("{FAE04EC0-301F-11D3-BF4B-00C04F79EFBC}") = "DbGhost.Build.Util", "DBGhost.Build.Util\DbGhost.Build.Util.csproj", "{C982665F-776B-4AEF-8993-3E5872C36072}"
EndProject
Project("{930C7802-8A8C-48F9-8165-68863BCCD9DD}") = "Installer", "Installer\Installer.wixproj", "{92430C13-0049-4BC4-9F5F-3D7C3E7C4516}"
	ProjectSection(ProjectDependencies) = postProject
		{C982665F-776B-4AEF-8993-3E5872C36072} = {C982665F-776B-4AEF-8993-3E5872C36072}
		{C16FAB6D-556E-4D69-B713-197E51E0BF27} = {C16FAB6D-556E-4D69-B713-197E51E0BF27}
		{51C49782-8539-4CD9-946C-80FF618211DB} = {51C49782-8539-4CD9-946C-80FF618211DB}
		{DABE999E-97E3-4CB4-A576-38A30163A70C} = {DABE999E-97E3-4CB4-A576-38A30163A70C}
	EndProjectSection
EndProject
Global
	GlobalSection(SolutionConfigurationPlatforms) = preSolution
		Debug|Any CPU = Debug|Any CPU
		Debug|Mixed Platforms = Debug|Mixed Platforms
		Debug|x86 = Debug|x86
		Release|Any CPU = Release|Any CPU
		Release|Mixed Platforms = Release|Mixed Platforms
		Release|x86 = Release|x86
	EndGlobalSection
	GlobalSection(ProjectConfigurationPlatforms) = postSolution
		{C16FAB6D-556E-4D69-B713-197E51E0BF27}.Debug|Any CPU.ActiveCfg = Debug|Any CPU
		{C16FAB6D-556E-4D69-B713-197E51E0BF27}.Debug|Any CPU.Build.0 = Debug|Any CPU
		{C16FAB6D-556E-4D69-B713-197E51E0BF27}.Debug|Mixed Platforms.ActiveCfg = Debug|Any CPU
		{C16FAB6D-556E-4D69-B713-197E51E0BF27}.Debug|Mixed Platforms.Build.0 = Debug|Any CPU
		{C16FAB6D-556E-4D69-B713-197E51E0BF27}.Debug|x86.ActiveCfg = Debug|Any CPU
		{C16FAB6D-556E-4D69-B713-197E51E0BF27}.Release|Any CPU.ActiveCfg = Release|Any CPU
		{C16FAB6D-556E-4D69-B713-197E51E0BF27}.Release|Any CPU.Build.0 = Release|Any CPU
		{C16FAB6D-556E-4D69-B713-197E51E0BF27}.Release|Mixed Platforms.ActiveCfg = Release|Any CPU
		{C16FAB6D-556E-4D69-B713-197E51E0BF27}.Release|Mixed Platforms.Build.0 = Release|Any CPU
		{C16FAB6D-556E-4D69-B713-197E51E0BF27}.Release|x86.ActiveCfg = Release|Any CPU
		{DABE999E-97E3-4CB4-A576-38A30163A70C}.Debug|Any CPU.ActiveCfg = Debug|Any CPU
		{DABE999E-97E3-4CB4-A576-38A30163A70C}.Debug|Any CPU.Build.0 = Debug|Any CPU
		{DABE999E-97E3-4CB4-A576-38A30163A70C}.Debug|Mixed Platforms.ActiveCfg = Debug|Any CPU
		{DABE999E-97E3-4CB4-A576-38A30163A70C}.Debug|Mixed Platforms.Build.0 = Debug|Any CPU
		{DABE999E-97E3-4CB4-A576-38A30163A70C}.Debug|x86.ActiveCfg = Debug|Any CPU
		{DABE999E-97E3-4CB4-A576-38A30163A70C}.Release|Any CPU.ActiveCfg = Release|Any CPU
		{DABE999E-97E3-4CB4-A576-38A30163A70C}.Release|Any CPU.Build.0 = Release|Any CPU
		{DABE999E-97E3-4CB4-A576-38A30163A70C}.Release|Mixed Platforms.ActiveCfg = Release|Any CPU
		{DABE999E-97E3-4CB4-A576-38A30163A70C}.Release|Mixed Platforms.Build.0 = Release|Any CPU
		{DABE999E-97E3-4CB4-A576-38A30163A70C}.Release|x86.ActiveCfg = Release|Any CPU
		{51C49782-8539-4CD9-946C-80FF618211DB}.Debug|Any CPU.ActiveCfg = Debug|Any CPU
		{51C49782-8539-4CD9-946C-80FF618211DB}.Debug|Any CPU.Build.0 = Debug|Any CPU
		{51C49782-8539-4CD9-946C-80FF618211DB}.Debug|Mixed Platforms.ActiveCfg = Debug|Any CPU
		{51C49782-8539-4CD9-946C-80FF618211DB}.Debug|Mixed Platforms.Build.0 = Debug|Any CPU
		{51C49782-8539-4CD9-946C-80FF618211DB}.Debug|x86.ActiveCfg = Debug|Any CPU
		{51C49782-8539-4CD9-946C-80FF618211DB}.Release|Any CPU.ActiveCfg = Release|Any CPU
		{51C49782-8539-4CD9-946C-80FF618211DB}.Release|Any CPU.Build.0 = Release|Any CPU
		{51C49782-8539-4CD9-946C-80FF618211DB}.Release|Mixed Platforms.ActiveCfg = Release|Any CPU
		{51C49782-8539-4CD9-946C-80FF618211DB}.Release|Mixed Platforms.Build.0 = Release|Any CPU
		{51C49782-8539-4CD9-946C-80FF618211DB}.Release|x86.ActiveCfg = Release|Any CPU
		{C982665F-776B-4AEF-8993-3E5872C36072}.Debug|Any CPU.ActiveCfg = Debug|Any CPU
		{C982665F-776B-4AEF-8993-3E5872C36072}.Debug|Any CPU.Build.0 = Debug|Any CPU
		{C982665F-776B-4AEF-8993-3E5872C36072}.Debug|Mixed Platforms.ActiveCfg = Debug|Any CPU
		{C982665F-776B-4AEF-8993-3E5872C36072}.Debug|Mixed Platforms.Build.0 = Debug|Any CPU
		{C982665F-776B-4AEF-8993-3E5872C36072}.Debug|x86.ActiveCfg = Debug|Any CPU
		{C982665F-776B-4AEF-8993-3E5872C36072}.Release|Any CPU.ActiveCfg = Release|Any CPU
		{C982665F-776B-4AEF-8993-3E5872C36072}.Release|Any CPU.Build.0 = Release|Any CPU
		{C982665F-776B-4AEF-8993-3E5872C36072}.Release|Mixed Platforms.ActiveCfg = Release|Any CPU
		{C982665F-776B-4AEF-8993-3E5872C36072}.Release|Mixed Platforms.Build.0 = Release|Any CPU
		{C982665F-776B-4AEF-8993-3E5872C36072}.Release|x86.ActiveCfg = Release|Any CPU
		{92430C13-0049-4BC4-9F5F-3D7C3E7C4516}.Debug|Any CPU.ActiveCfg = Debug|x86
		{92430C13-0049-4BC4-9F5F-3D7C3E7C4516}.Debug|Mixed Platforms.ActiveCfg = Debug|x86
		{92430C13-0049-4BC4-9F5F-3D7C3E7C4516}.Debug|x86.ActiveCfg = Debug|x86
		{92430C13-0049-4BC4-9F5F-3D7C3E7C4516}.Debug|x86.Build.0 = Debug|x86
		{92430C13-0049-4BC4-9F5F-3D7C3E7C4516}.Release|Any CPU.ActiveCfg = Release|x86
		{92430C13-0049-4BC4-9F5F-3D7C3E7C4516}.Release|Mixed Platforms.ActiveCfg = Release|x86
		{92430C13-0049-4BC4-9F5F-3D7C3E7C4516}.Release|Mixed Platforms.Build.0 = Release|x86
		{92430C13-0049-4BC4-9F5F-3D7C3E7C4516}.Release|x86.ActiveCfg = Release|x86
		{92430C13-0049-4BC4-9F5F-3D7C3E7C4516}.Release|x86.Build.0 = Release|x86
	EndGlobalSection
	GlobalSection(SolutionProperties) = preSolution
		HideSolutionNode = FALSE
	EndGlobalSection
EndGlobal
